
Microsoft Visual Studio Solution File, Format Version 12.00
Project("{FAE04EC0-301F-11D3-BF4B-00C04F79EFBC}") = "MediKeeperPricing", "MediKeeperPricing\MediKeeperPricing.csproj", "{A99646F5-DA33-465B-A971-77089110887B}"
EndProject
Project("{FAE04EC0-301F-11D3-BF4B-00C04F79EFBC}") = "DataAccess", "DataAccess\DataAccess.csproj", "{1AA57C96-CBA6-4486-B5A5-712DAA91CF5A}"
EndProject
Project("{FAE04EC0-301F-11D3-BF4B-00C04F79EFBC}") = "Models", "Models\Models.csproj", "{64C02F8D-B213-447D-9497-CBBCC7542D41}"
EndProject
Project("{FAE04EC0-301F-11D3-BF4B-00C04F79EFBC}") = "Services", "Services\Services.csproj", "{B4691820-FC15-47A1-9616-E49E0D1BDBED}"
EndProject
Project("{FAE04EC0-301F-11D3-BF4B-00C04F79EFBC}") = "Tests", "Tests\Tests.csproj", "{55E27419-F54E-44BA-93A4-CAFD3B4CF56F}"
EndProject
Global
	GlobalSection(SolutionConfigurationPlatforms) = preSolution
		Debug|Any CPU = Debug|Any CPU
		Release|Any CPU = Release|Any CPU
	EndGlobalSection
	GlobalSection(ProjectConfigurationPlatforms) = postSolution
		{A99646F5-DA33-465B-A971-77089110887B}.Debug|Any CPU.ActiveCfg = Debug|Any CPU
		{A99646F5-DA33-465B-A971-77089110887B}.Debug|Any CPU.Build.0 = Debug|Any CPU
		{A99646F5-DA33-465B-A971-77089110887B}.Release|Any CPU.ActiveCfg = Release|Any CPU
		{A99646F5-DA33-465B-A971-77089110887B}.Release|Any CPU.Build.0 = Release|Any CPU
		{1AA57C96-CBA6-4486-B5A5-712DAA91CF5A}.Debug|Any CPU.ActiveCfg = Debug|Any CPU
		{1AA57C96-CBA6-4486-B5A5-712DAA91CF5A}.Debug|Any CPU.Build.0 = Debug|Any CPU
		{1AA57C96-CBA6-4486-B5A5-712DAA91CF5A}.Release|Any CPU.ActiveCfg = Release|Any CPU
		{1AA57C96-CBA6-4486-B5A5-712DAA91CF5A}.Release|Any CPU.Build.0 = Release|Any CPU
		{64C02F8D-B213-447D-9497-CBBCC7542D41}.Debug|Any CPU.ActiveCfg = Debug|Any CPU
		{64C02F8D-B213-447D-9497-CBBCC7542D41}.Debug|Any CPU.Build.0 = Debug|Any CPU
		{64C02F8D-B213-447D-9497-CBBCC7542D41}.Release|Any CPU.ActiveCfg = Release|Any CPU
		{64C02F8D-B213-447D-9497-CBBCC7542D41}.Release|Any CPU.Build.0 = Release|Any CPU
		{B4691820-FC15-47A1-9616-E49E0D1BDBED}.Debug|Any CPU.ActiveCfg = Debug|Any CPU
		{B4691820-FC15-47A1-9616-E49E0D1BDBED}.Debug|Any CPU.Build.0 = Debug|Any CPU
		{B4691820-FC15-47A1-9616-E49E0D1BDBED}.Release|Any CPU.ActiveCfg = Release|Any CPU
		{B4691820-FC15-47A1-9616-E49E0D1BDBED}.Release|Any CPU.Build.0 = Release|Any CPU
		{55E27419-F54E-44BA-93A4-CAFD3B4CF56F}.Debug|Any CPU.ActiveCfg = Debug|Any CPU
		{55E27419-F54E-44BA-93A4-CAFD3B4CF56F}.Debug|Any CPU.Build.0 = Debug|Any CPU
		{55E27419-F54E-44BA-93A4-CAFD3B4CF56F}.Release|Any CPU.ActiveCfg = Release|Any CPU
		{55E27419-F54E-44BA-93A4-CAFD3B4CF56F}.Release|Any CPU.Build.0 = Release|Any CPU
	EndGlobalSection
EndGlobal
